{
  "name": "shop",
  "lockfileVersion": 3,
  "requires": true,
  "packages": {
    "": {
      "dependencies": {
        "react-native-config": "^1.5.3",
        "react-native-dotenv": "^3.4.11"
      }
    },
    "node_modules/@babel/runtime": {
      "version": "7.26.0",
      "resolved": "https://registry.npmjs.org/@babel/runtime/-/runtime-7.26.0.tgz",
      "integrity": "sha512-FDSOghenHTiToteC/QRlv2q3DhPZ/oOXTBoirfWNx1Cx3TMVcGWQtMMmQcSvb/JjpNeGzx8Pq/b4fKEJuWm1sw==",
      "peer": true,
      "dependencies": {
        "regenerator-runtime": "^0.14.0"
      },
      "engines": {
        "node": ">=6.9.0"
      }
    },
    "node_modules/dotenv": {
      "version": "16.4.7",
      "resolved": "https://registry.npmjs.org/dotenv/-/dotenv-16.4.7.tgz",
      "integrity": "sha512-47qPchRCykZC03FhkYAhrvwU4xDBFIj1QPqaarj6mdM/hgUzfPHcpkHJOn3mJAufFeeAxAzeGsr5X0M4k6fLZQ==",
      "engines": {
        "node": ">=12"
      },
      "funding": {
        "url": "https://dotenvx.com"
      }
    },
    "node_modules/react-native-config": {
      "version": "1.5.3",
      "resolved": "https://registry.npmjs.org/react-native-config/-/react-native-config-1.5.3.tgz",
      "integrity": "sha512-3D05Abgk5DfDw9w258EzXvX5AkU7eqj3u9H0H0L4gUga4nYg/zuupcrpGbpF4QeXBcJ84jjs6g8JaEP6VBT7Pg==",
      "peerDependencies": {
        "react-native-windows": ">=0.61"
      },
      "peerDependenciesMeta": {
        "react-native-windows": {
          "optional": true
        }
      }
    },
    "node_modules/react-native-dotenv": {
      "version": "3.4.11",
      "resolved": "https://registry.npmjs.org/react-native-dotenv/-/react-native-dotenv-3.4.11.tgz",
      "integrity": "sha512-6vnIE+WHABSeHCaYP6l3O1BOEhWxKH6nHAdV7n/wKn/sciZ64zPPp2NUdEUf1m7g4uuzlLbjgr+6uDt89q2DOg==",
      "dependencies": {
        "dotenv": "^16.4.5"
      },
      "peerDependencies": {
        "@babel/runtime": "^7.20.6"
      }
    },
    "node_modules/regenerator-runtime": {
      "version": "0.14.1",
      "resolved": "https://registry.npmjs.org/regenerator-runtime/-/regenerator-runtime-0.14.1.tgz",
      "integrity": "sha512-dYnhHh0nJoMfnkZs6GmmhFknAGRrLznOu5nc9ML+EJxGvrx6H7teuevqVqCuPcPK//3eDrrjQhehXVx9cnkGdw==",
      "peer": true
    }
  }
}
